// !$*UTF8*$!
{
	archiveVersion = 1;
	classes = {
	};
	objectVersion = 56;
	objects = {

/* Begin PBXBuildFile section */
		9DE7919E2F114D3500BDC268 /* SixNotes.icon in Resources */ = {isa = PBXBuildFile; fileRef = 9DE7919D2F114D3500BDC268 /* SixNotes.icon */; };
		9DE7919F2F114D3500BDC268 /* SixNotes.icon in Resources */ = {isa = PBXBuildFile; fileRef = 9DE7919D2F114D3500BDC268 /* SixNotes.icon */; };
		A1000001220000010000000A /* SixNotesApp.swift in Sources */ = {isa = PBXBuildFile; fileRef = A1000001110000010000000A /* SixNotesApp.swift */; };
		A1000002220000010000000A /* ContentView.swift in Sources */ = {isa = PBXBuildFile; fileRef = A1000002110000010000000A /* ContentView.swift */; };
		A1000003220000010000000A /* NotesManager.swift in Sources */ = {isa = PBXBuildFile; fileRef = A1000003110000010000000A /* NotesManager.swift */; };
		A1000004220000010000000A /* MarkdownPreviewView.swift in Sources */ = {isa = PBXBuildFile; fileRef = A1000004110000010000000A /* MarkdownPreviewView.swift */; };
		A1000005220000010000000A /* Assets.xcassets in Resources */ = {isa = PBXBuildFile; fileRef = A1000005110000010000000A /* Assets.xcassets */; };
		B1000001220000010000000A /* NoteTests.swift in Sources */ = {isa = PBXBuildFile; fileRef = B1000001110000010000000A /* NoteTests.swift */; };
		B1000002220000010000000A /* FontSettingTests.swift in Sources */ = {isa = PBXBuildFile; fileRef = B1000002110000010000000A /* FontSettingTests.swift */; };
		B1000003220000010000000A /* NotesManagerTests.swift in Sources */ = {isa = PBXBuildFile; fileRef = B1000003110000010000000A /* NotesManagerTests.swift */; };
/* End PBXBuildFile section */

/* Begin PBXContainerItemProxy section */
		B4000001110000010000000A /* PBXContainerItemProxy */ = {
			isa = PBXContainerItemProxy;
			containerPortal = A1000000BB0000010000000A /* Project object */;
			proxyType = 1;
			remoteGlobalIDString = A1000000770000010000000A;
			remoteInfo = SixNotes;
		};
/* End PBXContainerItemProxy section */

/* Begin PBXFileReference section */
		9DE7919D2F114D3500BDC268 /* SixNotes.icon */ = {isa = PBXFileReference; lastKnownFileType = folder.iconcomposer.icon; path = SixNotes.icon; sourceTree = "<group>"; };
		A1000000000000010000000A /* SixNotes.app */ = {isa = PBXFileReference; explicitFileType = wrapper.application; includeInIndex = 0; path = SixNotes.app; sourceTree = BUILT_PRODUCTS_DIR; };
		A1000001110000010000000A /* SixNotesApp.swift */ = {isa = PBXFileReference; lastKnownFileType = sourcecode.swift; path = SixNotesApp.swift; sourceTree = "<group>"; };
		A1000002110000010000000A /* ContentView.swift */ = {isa = PBXFileReference; lastKnownFileType = sourcecode.swift; path = ContentView.swift; sourceTree = "<group>"; };
		A1000003110000010000000A /* NotesManager.swift */ = {isa = PBXFileReference; lastKnownFileType = sourcecode.swift; path = NotesManager.swift; sourceTree = "<group>"; };
		A1000004110000010000000A /* MarkdownPreviewView.swift */ = {isa = PBXFileReference; lastKnownFileType = sourcecode.swift; path = MarkdownPreviewView.swift; sourceTree = "<group>"; };
		A1000005110000010000000A /* Assets.xcassets */ = {isa = PBXFileReference; lastKnownFileType = folder.assetcatalog; path = Assets.xcassets; sourceTree = "<group>"; };
		A1000006110000010000000A /* SixNotes.entitlements */ = {isa = PBXFileReference; lastKnownFileType = text.plist.entitlements; path = SixNotes.entitlements; sourceTree = "<group>"; };
		B1000000000000010000000A /* SixNotesTests.xctest */ = {isa = PBXFileReference; explicitFileType = wrapper.cfbundle; includeInIndex = 0; path = SixNotesTests.xctest; sourceTree = BUILT_PRODUCTS_DIR; };
		B1000001110000010000000A /* NoteTests.swift */ = {isa = PBXFileReference; lastKnownFileType = sourcecode.swift; path = NoteTests.swift; sourceTree = "<group>"; };
		B1000002110000010000000A /* FontSettingTests.swift */ = {isa = PBXFileReference; lastKnownFileType = sourcecode.swift; path = FontSettingTests.swift; sourceTree = "<group>"; };
		B1000003110000010000000A /* NotesManagerTests.swift */ = {isa = PBXFileReference; lastKnownFileType = sourcecode.swift; path = NotesManagerTests.swift; sourceTree = "<group>"; };
/* End PBXFileReference section */

/* Begin PBXFrameworksBuildPhase section */
		A1000000330000010000000A /* Frameworks */ = {
			isa = PBXFrameworksBuildPhase;
			buildActionMask = 2147483647;
			files = (
			);
			runOnlyForDeploymentPostprocessing = 0;
		};
		B1000000330000010000000A /* Frameworks */ = {
			isa = PBXFrameworksBuildPhase;
			buildActionMask = 2147483647;
			files = (
			);
			runOnlyForDeploymentPostprocessing = 0;
		};
/* End PBXFrameworksBuildPhase section */

/* Begin PBXGroup section */
		A1000000440000010000000A = {
			isa = PBXGroup;
			children = (
				A1000000550000010000000A /* SixNotes */,
				B1000000550000010000000A /* SixNotesTests */,
				A1000000660000010000000A /* Products */,
				9DE7919D2F114D3500BDC268 /* SixNotes.icon */,
			);
			sourceTree = "<group>";
		};
		A1000000550000010000000A /* SixNotes */ = {
			isa = PBXGroup;
			children = (
				A1000001110000010000000A /* SixNotesApp.swift */,
				A1000002110000010000000A /* ContentView.swift */,
				A1000003110000010000000A /* NotesManager.swift */,
				A1000004110000010000000A /* MarkdownPreviewView.swift */,
				A1000005110000010000000A /* Assets.xcassets */,
				A1000006110000010000000A /* SixNotes.entitlements */,
			);
			path = SixNotes;
			sourceTree = "<group>";
		};
		A1000000660000010000000A /* Products */ = {
			isa = PBXGroup;
			children = (
				A1000000000000010000000A /* SixNotes.app */,
				B1000000000000010000000A /* SixNotesTests.xctest */,
			);
			name = Products;
			sourceTree = "<group>";
		};
		B1000000550000010000000A /* SixNotesTests */ = {
			isa = PBXGroup;
			children = (
				B1000001110000010000000A /* NoteTests.swift */,
				B1000002110000010000000A /* FontSettingTests.swift */,
				B1000003110000010000000A /* NotesManagerTests.swift */,
			);
			path = SixNotesTests;
			sourceTree = "<group>";
		};
/* End PBXGroup section */

/* Begin PBXNativeTarget section */
		A1000000770000010000000A /* SixNotes */ = {
			isa = PBXNativeTarget;
			buildConfigurationList = A1000000AA0000010000000A /* Build configuration list for PBXNativeTarget "SixNotes" */;
			buildPhases = (
				A1000000880000010000000A /* Sources */,
				A1000000330000010000000A /* Frameworks */,
				A1000000990000010000000A /* Resources */,
			);
			buildRules = (
			);
			dependencies = (
			);
			name = SixNotes;
			productName = SixNotes;
			productReference = A1000000000000010000000A /* SixNotes.app */;
			productType = "com.apple.product-type.application";
		};
		B1000000770000010000000A /* SixNotesTests */ = {
			isa = PBXNativeTarget;
			buildConfigurationList = B1000000AA0000010000000A /* Build configuration list for PBXNativeTarget "SixNotesTests" */;
			buildPhases = (
				B1000000880000010000000A /* Sources */,
				B1000000330000010000000A /* Frameworks */,
				B1000000990000010000000A /* Resources */,
			);
			buildRules = (
			);
			dependencies = (
				B1000000DD0000010000000A /* PBXTargetDependency */,
			);
			name = SixNotesTests;
			productName = SixNotesTests;
			productReference = B1000000000000010000000A /* SixNotesTests.xctest */;
			productType = "com.apple.product-type.bundle.unit-test";
		};
/* End PBXNativeTarget section */

/* Begin PBXProject section */
		A1000000BB0000010000000A /* Project object */ = {
			isa = PBXProject;
			attributes = {
				BuildIndependentTargetsInParallel = 1;
				LastSwiftUpdateCheck = 1500;
				LastUpgradeCheck = 2620;
				TargetAttributes = {
					A1000000770000010000000A = {
						CreatedOnToolsVersion = 15.0;
					};
					B1000000770000010000000A = {
						CreatedOnToolsVersion = 15.0;
						TestTargetID = A1000000770000010000000A;
					};
				};
			};
			buildConfigurationList = A1000000CC0000010000000A /* Build configuration list for PBXProject "SixNotes" */;
			compatibilityVersion = "Xcode 14.0";
			developmentRegion = en;
			hasScannedForEncodings = 0;
			knownRegions = (
				en,
				Base,
			);
			mainGroup = A1000000440000010000000A;
			productRefGroup = A1000000660000010000000A /* Products */;
			projectDirPath = "";
			projectRoot = "";
			targets = (
				A1000000770000010000000A /* SixNotes */,
				B1000000770000010000000A /* SixNotesTests */,
			);
		};
/* End PBXProject section */

/* Begin PBXResourcesBuildPhase section */
		A1000000990000010000000A /* Resources */ = {
			isa = PBXResourcesBuildPhase;
			buildActionMask = 2147483647;
			files = (
				A1000005220000010000000A /* Assets.xcassets in Resources */,
				9DE7919F2F114D3500BDC268 /* SixNotes.icon in Resources */,
			);
			runOnlyForDeploymentPostprocessing = 0;
		};
		B1000000990000010000000A /* Resources */ = {
			isa = PBXResourcesBuildPhase;
			buildActionMask = 2147483647;
			files = (
				9DE7919E2F114D3500BDC268 /* SixNotes.icon in Resources */,
			);
			runOnlyForDeploymentPostprocessing = 0;
		};
/* End PBXResourcesBuildPhase section */

/* Begin PBXSourcesBuildPhase section */
		A1000000880000010000000A /* Sources */ = {
			isa = PBXSourcesBuildPhase;
			buildActionMask = 2147483647;
			files = (
				A1000001220000010000000A /* SixNotesApp.swift in Sources */,
				A1000002220000010000000A /* ContentView.swift in Sources */,
				A1000003220000010000000A /* NotesManager.swift in Sources */,
				A1000004220000010000000A /* MarkdownPreviewView.swift in Sources */,
			);
			runOnlyForDeploymentPostprocessing = 0;
		};
		B1000000880000010000000A /* Sources */ = {
			isa = PBXSourcesBuildPhase;
			buildActionMask = 2147483647;
			files = (
				B1000001220000010000000A /* NoteTests.swift in Sources */,
				B1000002220000010000000A /* FontSettingTests.swift in Sources */,
				B1000003220000010000000A /* NotesManagerTests.swift in Sources */,
			);
			runOnlyForDeploymentPostprocessing = 0;
		};
/* End PBXSourcesBuildPhase section */

/* Begin PBXTargetDependency section */
		B1000000DD0000010000000A /* PBXTargetDependency */ = {
			isa = PBXTargetDependency;
			target = A1000000770000010000000A /* SixNotes */;
			targetProxy = B4000001110000010000000A /* PBXContainerItemProxy */;
		};
/* End PBXTargetDependency section */

/* Begin XCBuildConfiguration section */
		A1000000DD0000010000000A /* Debug */ = {
			isa = XCBuildConfiguration;
			buildSettings = {
				ALWAYS_SEARCH_USER_PATHS = NO;
				ASSETCATALOG_COMPILER_APPICON_NAME = SixNotes;
				ASSETCATALOG_COMPILER_GENERATE_SWIFT_ASSET_SYMBOL_EXTENSIONS = YES;
				CLANG_ANALYZER_NONNULL = YES;
				CLANG_ANALYZER_NUMBER_OBJECT_CONVERSION = YES_AGGRESSIVE;
				CLANG_CXX_LANGUAGE_STANDARD = "gnu++20";
				CLANG_ENABLE_MODULES = YES;
				CLANG_ENABLE_OBJC_ARC = YES;
				CLANG_ENABLE_OBJC_WEAK = YES;
				CLANG_WARN_BLOCK_CAPTURE_AUTORELEASING = YES;
				CLANG_WARN_BOOL_CONVERSION = YES;
				CLANG_WARN_COMMA = YES;
				CLANG_WARN_CONSTANT_CONVERSION = YES;
				CLANG_WARN_DEPRECATED_OBJC_IMPLEMENTATIONS = YES;
				CLANG_WARN_DIRECT_OBJC_ISA_USAGE = YES_ERROR;
				CLANG_WARN_DOCUMENTATION_COMMENTS = YES;
				CLANG_WARN_EMPTY_BODY = YES;
				CLANG_WARN_ENUM_CONVERSION = YES;
				CLANG_WARN_INFINITE_RECURSION = YES;
				CLANG_WARN_INT_CONVERSION = YES;
				CLANG_WARN_NON_LITERAL_NULL_CONVERSION = YES;
				CLANG_WARN_OBJC_IMPLICIT_RETAIN_SELF = YES;
				CLANG_WARN_OBJC_LITERAL_CONVERSION = YES;
				CLANG_WARN_OBJC_ROOT_CLASS = YES_ERROR;
				CLANG_WARN_QUOTED_INCLUDE_IN_FRAMEWORK_HEADER = YES;
				CLANG_WARN_RANGE_LOOP_ANALYSIS = YES;
				CLANG_WARN_STRICT_PROTOTYPES = YES;
				CLANG_WARN_SUSPICIOUS_MOVE = YES;
				CLANG_WARN_UNGUARDED_AVAILABILITY = YES_AGGRESSIVE;
				CLANG_WARN_UNREACHABLE_CODE = YES;
				CLANG_WARN__DUPLICATE_METHOD_MATCH = YES;
				CONFIGURATION_BUILD_DIR = "$(HOME)/Applications";
				COPY_PHASE_STRIP = NO;
				DEAD_CODE_STRIPPING = YES;
				DEBUG_INFORMATION_FORMAT = dwarf;
				DEVELOPMENT_TEAM = 568SE76R9Y;
				ENABLE_STRICT_OBJC_MSGSEND = YES;
				ENABLE_TESTABILITY = YES;
				ENABLE_USER_SCRIPT_SANDBOXING = YES;
				GCC_C_LANGUAGE_STANDARD = gnu17;
				GCC_DYNAMIC_NO_PIC = NO;
				GCC_NO_COMMON_BLOCKS = YES;
				GCC_OPTIMIZATION_LEVEL = 0;
				GCC_PREPROCESSOR_DEFINITIONS = (
					"DEBUG=1",
					"$(inherited)",
				);
				GCC_WARN_64_TO_32_BIT_CONVERSION = YES;
				GCC_WARN_ABOUT_RETURN_TYPE = YES_ERROR;
				GCC_WARN_UNDECLARED_SELECTOR = YES;
				GCC_WARN_UNINITIALIZED_AUTOS = YES_AGGRESSIVE;
				GCC_WARN_UNUSED_FUNCTION = YES;
				GCC_WARN_UNUSED_VARIABLE = YES;
				MACOSX_DEPLOYMENT_TARGET = 13.0;
				MTL_ENABLE_DEBUG_INFO = INCLUDE_SOURCE;
				MTL_FAST_MATH = YES;
				ONLY_ACTIVE_ARCH = YES;
				SDKROOT = macosx;
				STRING_CATALOG_GENERATE_SYMBOLS = YES;
				SWIFT_ACTIVE_COMPILATION_CONDITIONS = "DEBUG $(inherited)";
				SWIFT_OPTIMIZATION_LEVEL = "-Onone";
			};
			name = Debug;
		};
		A1000000EE0000010000000A /* Release */ = {
			isa = XCBuildConfiguration;
			buildSettings = {
				ALWAYS_SEARCH_USER_PATHS = NO;
				ASSETCATALOG_COMPILER_APPICON_NAME = SixNotes;
				ASSETCATALOG_COMPILER_GENERATE_SWIFT_ASSET_SYMBOL_EXTENSIONS = YES;
				CLANG_ANALYZER_NONNULL = YES;
				CLANG_ANALYZER_NUMBER_OBJECT_CONVERSION = YES_AGGRESSIVE;
				CLANG_CXX_LANGUAGE_STANDARD = "gnu++20";
				CLANG_ENABLE_MODULES = YES;
				CLANG_ENABLE_OBJC_ARC = YES;
				CLANG_ENABLE_OBJC_WEAK = YES;
				CLANG_WARN_BLOCK_CAPTURE_AUTORELEASING = YES;
				CLANG_WARN_BOOL_CONVERSION = YES;
				CLANG_WARN_COMMA = YES;
				CLANG_WARN_CONSTANT_CONVERSION = YES;
				CLANG_WARN_DEPRECATED_OBJC_IMPLEMENTATIONS = YES;
				CLANG_WARN_DIRECT_OBJC_ISA_USAGE = YES_ERROR;
				CLANG_WARN_DOCUMENTATION_COMMENTS = YES;
				CLANG_WARN_EMPTY_BODY = YES;
				CLANG_WARN_ENUM_CONVERSION = YES;
				CLANG_WARN_INFINITE_RECURSION = YES;
				CLANG_WARN_INT_CONVERSION = YES;
				CLANG_WARN_NON_LITERAL_NULL_CONVERSION = YES;
				CLANG_WARN_OBJC_IMPLICIT_RETAIN_SELF = YES;
				CLANG_WARN_OBJC_LITERAL_CONVERSION = YES;
				CLANG_WARN_OBJC_ROOT_CLASS = YES_ERROR;
				CLANG_WARN_QUOTED_INCLUDE_IN_FRAMEWORK_HEADER = YES;
				CLANG_WARN_RANGE_LOOP_ANALYSIS = YES;
				CLANG_WARN_STRICT_PROTOTYPES = YES;
				CLANG_WARN_SUSPICIOUS_MOVE = YES;
				CLANG_WARN_UNGUARDED_AVAILABILITY = YES_AGGRESSIVE;
				CLANG_WARN_UNREACHABLE_CODE = YES;
				CLANG_WARN__DUPLICATE_METHOD_MATCH = YES;
				CONFIGURATION_BUILD_DIR = "$(HOME)/Applications";
				COPY_PHASE_STRIP = NO;
				DEAD_CODE_STRIPPING = YES;
				DEBUG_INFORMATION_FORMAT = "dwarf-with-dsym";
				DEVELOPMENT_TEAM = 568SE76R9Y;
				ENABLE_NS_ASSERTIONS = NO;
				ENABLE_STRICT_OBJC_MSGSEND = YES;
				ENABLE_USER_SCRIPT_SANDBOXING = YES;
				GCC_C_LANGUAGE_STANDARD = gnu17;
				GCC_NO_COMMON_BLOCKS = YES;
				GCC_WARN_64_TO_32_BIT_CONVERSION = YES;
				GCC_WARN_ABOUT_RETURN_TYPE = YES_ERROR;
				GCC_WARN_UNDECLARED_SELECTOR = YES;
				GCC_WARN_UNINITIALIZED_AUTOS = YES_AGGRESSIVE;
				GCC_WARN_UNUSED_FUNCTION = YES;
				GCC_WARN_UNUSED_VARIABLE = YES;
				MACOSX_DEPLOYMENT_TARGET = 13.0;
				MTL_ENABLE_DEBUG_INFO = NO;
				MTL_FAST_MATH = YES;
				SDKROOT = macosx;
				STRING_CATALOG_GENERATE_SYMBOLS = YES;
				SWIFT_COMPILATION_MODE = wholemodule;
			};
			name = Release;
		};
		A1000000FF0000010000000A /* Debug */ = {
			isa = XCBuildConfiguration;
			buildSettings = {
				ASSETCATALOG_COMPILER_APPICON_NAME = SixNotes;
				ASSETCATALOG_COMPILER_GLOBAL_ACCENT_COLOR_NAME = AccentColor;
				CODE_SIGN_ENTITLEMENTS = SixNotes/SixNotes.entitlements;
				CODE_SIGN_STYLE = Automatic;
				COMBINE_HIDPI_IMAGES = YES;
				CURRENT_PROJECT_VERSION = 1;
				DEAD_CODE_STRIPPING = YES;
				DEVELOPMENT_ASSET_PATHS = "";
				ENABLE_PREVIEWS = YES;
				GENERATE_INFOPLIST_FILE = YES;
				INFOPLIST_KEY_LSApplicationCategoryType = "public.app-category.productivity";
				INFOPLIST_KEY_NSHumanReadableCopyright = "";
				LD_RUNPATH_SEARCH_PATHS = (
					"$(inherited)",
					"@executable_path/../Frameworks",
				);
				MARKETING_VERSION = 1.0;
				PRODUCT_BUNDLE_IDENTIFIER = org.fouchard.SixNotes;
				PRODUCT_NAME = "$(TARGET_NAME)";
				SWIFT_EMIT_LOC_STRINGS = YES;
				SWIFT_VERSION = 5.0;
			};
			name = Debug;
		};
		A1000001000000010000000A /* Release */ = {
			isa = XCBuildConfiguration;
			buildSettings = {
				ASSETCATALOG_COMPILER_APPICON_NAME = SixNotes;
				ASSETCATALOG_COMPILER_GLOBAL_ACCENT_COLOR_NAME = AccentColor;
				CODE_SIGN_ENTITLEMENTS = SixNotes/SixNotes.entitlements;
				CODE_SIGN_STYLE = Automatic;
				COMBINE_HIDPI_IMAGES = YES;
				CURRENT_PROJECT_VERSION = 1;
				DEAD_CODE_STRIPPING = YES;
				DEVELOPMENT_ASSET_PATHS = "";
				ENABLE_PREVIEWS = YES;
				GENERATE_INFOPLIST_FILE = YES;
				INFOPLIST_KEY_LSApplicationCategoryType = "public.app-category.productivity";
				INFOPLIST_KEY_NSHumanReadableCopyright = "";
				LD_RUNPATH_SEARCH_PATHS = (
					"$(inherited)",
					"@executable_path/../Frameworks",
				);
				MARKETING_VERSION = 1.0;
				PRODUCT_BUNDLE_IDENTIFIER = org.fouchard.SixNotes;
				PRODUCT_NAME = "$(TARGET_NAME)";
				SWIFT_EMIT_LOC_STRINGS = YES;
				SWIFT_VERSION = 5.0;
			};
			name = Release;
		};
		B1000000FF0000010000000A /* Debug */ = {
			isa = XCBuildConfiguration;
			buildSettings = {
				BUNDLE_LOADER = "$(TEST_HOST)";
				CODE_SIGN_STYLE = Automatic;
				CURRENT_PROJECT_VERSION = 1;
				DEAD_CODE_STRIPPING = YES;
				GENERATE_INFOPLIST_FILE = YES;
				MACOSX_DEPLOYMENT_TARGET = 13.0;
				MARKETING_VERSION = 1.0;
				PRODUCT_BUNDLE_IDENTIFIER = org.fouchard.SixNotesTests;
				PRODUCT_NAME = "$(TARGET_NAME)";
				SWIFT_EMIT_LOC_STRINGS = NO;
				SWIFT_VERSION = 5.0;
				TEST_HOST = "$(BUILT_PRODUCTS_DIR)/SixNotes.app/$(BUNDLE_EXECUTABLE_FOLDER_PATH)/SixNotes";
			};
			name = Debug;
		};
		B1000001000000010000000A /* Release */ = {
			isa = XCBuildConfiguration;
			buildSettings = {
				BUNDLE_LOADER = "$(TEST_HOST)";
				CODE_SIGN_STYLE = Automatic;
				CURRENT_PROJECT_VERSION = 1;
				DEAD_CODE_STRIPPING = YES;
				GENERATE_INFOPLIST_FILE = YES;
				MACOSX_DEPLOYMENT_TARGET = 13.0;
				MARKETING_VERSION = 1.0;
				PRODUCT_BUNDLE_IDENTIFIER = org.fouchard.SixNotesTests;
				PRODUCT_NAME = "$(TARGET_NAME)";
				SWIFT_EMIT_LOC_STRINGS = NO;
				SWIFT_VERSION = 5.0;
				TEST_HOST = "$(BUILT_PRODUCTS_DIR)/SixNotes.app/$(BUNDLE_EXECUTABLE_FOLDER_PATH)/SixNotes";
			};
			name = Release;
		};
/* End XCBuildConfiguration section */

/* Begin XCConfigurationList section */
		A1000000AA0000010000000A /* Build configuration list for PBXNativeTarget "SixNotes" */ = {
			isa = XCConfigurationList;
			buildConfigurations = (
				A1000000FF0000010000000A /* Debug */,
				A1000001000000010000000A /* Release */,
			);
			defaultConfigurationIsVisible = 0;
			defaultConfigurationName = Release;
		};
		A1000000CC0000010000000A /* Build configuration list for PBXProject "SixNotes" */ = {
			isa = XCConfigurationList;
			buildConfigurations = (
				A1000000DD0000010000000A /* Debug */,
				A1000000EE0000010000000A /* Release */,
			);
			defaultConfigurationIsVisible = 0;
			defaultConfigurationName = Release;
		};
		B1000000AA0000010000000A /* Build configuration list for PBXNativeTarget "SixNotesTests" */ = {
			isa = XCConfigurationList;
			buildConfigurations = (
				B1000000FF0000010000000A /* Debug */,
				B1000001000000010000000A /* Release */,
			);
			defaultConfigurationIsVisible = 0;
			defaultConfigurationName = Release;
		};
/* End XCConfigurationList section */
	};
	rootObject = A1000000BB0000010000000A /* Project object */;
}
